
Microsoft Visual Studio Solution File, Format Version 12.00
# Visual Studio Version 17
VisualStudioVersion = 17.2.32526.322
MinimumVisualStudioVersion = 10.0.40219.1
Project("{FAE04EC0-301F-11D3-BF4B-00C04F79EFBC}") = "InventoryAPI", "InventoryAPI\InventoryAPI.csproj", "{EA4DB451-7828-4337-802C-C431A063B5EB}"
EndProject
Global
	GlobalSection(SolutionConfigurationPlatforms) = preSolution
		Debug|Any CPU = Debug|Any CPU
		Release|Any CPU = Release|Any CPU
	EndGlobalSection
	GlobalSection(ProjectConfigurationPlatforms) = postSolution
		{EA4DB451-7828-4337-802C-C431A063B5EB}.Debug|Any CPU.ActiveCfg = Debug|Any CPU
		{EA4DB451-7828-4337-802C-C431A063B5EB}.Debug|Any CPU.Build.0 = Debug|Any CPU
		{EA4DB451-7828-4337-802C-C431A063B5EB}.Release|Any CPU.ActiveCfg = Release|Any CPU
		{EA4DB451-7828-4337-802C-C431A063B5EB}.Release|Any CPU.Build.0 = Release|Any CPU
	EndGlobalSection
	GlobalSection(SolutionProperties) = preSolution
		HideSolutionNode = FALSE
	EndGlobalSection
	GlobalSection(ExtensibilityGlobals) = postSolution
		SolutionGuid = {66860798-7B37-436B-92FF-1098803E4D9D}
	EndGlobalSection
EndGlobal
